// !$*UTF8*$!
{
	archiveVersion = 1;
	classes = {
	};
	objectVersion = 56;
	objects = {

/* Begin PBXBuildFile section */
		378113412B25BCED00D31BC2 /* AppDelegate.swift in Sources */ = {isa = PBXBuildFile; fileRef = 378113402B25BCED00D31BC2 /* AppDelegate.swift */; };
		378113432B25BCED00D31BC2 /* SceneDelegate.swift in Sources */ = {isa = PBXBuildFile; fileRef = 378113422B25BCED00D31BC2 /* SceneDelegate.swift */; };
		378113452B25BCED00D31BC2 /* FirstViewController.swift in Sources */ = {isa = PBXBuildFile; fileRef = 378113442B25BCED00D31BC2 /* FirstViewController.swift */; };
		3781134A2B25BCEE00D31BC2 /* Assets.xcassets in Resources */ = {isa = PBXBuildFile; fileRef = 378113492B25BCEE00D31BC2 /* Assets.xcassets */; };
		378113592B25BD9900D31BC2 /* ViewModel.swift in Sources */ = {isa = PBXBuildFile; fileRef = 378113582B25BD9900D31BC2 /* ViewModel.swift */; };
		3781135C2B25BDE300D31BC2 /* NetworkService.swift in Sources */ = {isa = PBXBuildFile; fileRef = 3781135B2B25BDE300D31BC2 /* NetworkService.swift */; };
		3781135E2B25BDFE00D31BC2 /* NetworkRequest.swift in Sources */ = {isa = PBXBuildFile; fileRef = 3781135D2B25BDFE00D31BC2 /* NetworkRequest.swift */; };
		378113602B25BE2900D31BC2 /* NetworkError.swift in Sources */ = {isa = PBXBuildFile; fileRef = 3781135F2B25BE2900D31BC2 /* NetworkError.swift */; };
		378113632B25BEE200D31BC2 /* SecondView.swift in Sources */ = {isa = PBXBuildFile; fileRef = 378113622B25BEE200D31BC2 /* SecondView.swift */; };
		378113692B25C02700D31BC2 /* RequestProvider.swift in Sources */ = {isa = PBXBuildFile; fileRef = 378113682B25C02700D31BC2 /* RequestProvider.swift */; };
		3781136F2B25C1CC00D31BC2 /* Location.swift in Sources */ = {isa = PBXBuildFile; fileRef = 3781136E2B25C1CC00D31BC2 /* Location.swift */; };
		378113712B25C22E00D31BC2 /* NetworkManager.swift in Sources */ = {isa = PBXBuildFile; fileRef = 378113702B25C22E00D31BC2 /* NetworkManager.swift */; };
		378113732B25C36500D31BC2 /* CustomTableViewCell.swift in Sources */ = {isa = PBXBuildFile; fileRef = 378113722B25C36500D31BC2 /* CustomTableViewCell.swift */; };
		378113762B25C49800D31BC2 /* ReuseIdentifiable.swift in Sources */ = {isa = PBXBuildFile; fileRef = 378113752B25C49800D31BC2 /* ReuseIdentifiable.swift */; };
		378113782B25C64F00D31BC2 /* Ext UIIMageView.swift in Sources */ = {isa = PBXBuildFile; fileRef = 378113772B25C64F00D31BC2 /* Ext UIIMageView.swift */; };
		3781137B2B25C66A00D31BC2 /* Kingfisher in Frameworks */ = {isa = PBXBuildFile; productRef = 3781137A2B25C66A00D31BC2 /* Kingfisher */; };
		3781137E2B25C82600D31BC2 /* CustomLabel.swift in Sources */ = {isa = PBXBuildFile; fileRef = 3781137D2B25C82600D31BC2 /* CustomLabel.swift */; };
		378113802B25CF5E00D31BC2 /* LocationVisibleModel.swift in Sources */ = {isa = PBXBuildFile; fileRef = 3781137F2B25CF5E00D31BC2 /* LocationVisibleModel.swift */; };
		378113842B25DC1300D31BC2 /* HeartButton.swift in Sources */ = {isa = PBXBuildFile; fileRef = 378113832B25DC1300D31BC2 /* HeartButton.swift */; };
		3781138A2B25DC7500D31BC2 /* LocationViewModel.swift in Sources */ = {isa = PBXBuildFile; fileRef = 378113892B25DC7500D31BC2 /* LocationViewModel.swift */; };
		3781138C2B25DF1B00D31BC2 /* SecondViewContainer.swift in Sources */ = {isa = PBXBuildFile; fileRef = 3781138B2B25DF1B00D31BC2 /* SecondViewContainer.swift */; };
		3781138F2B25E00500D31BC2 /* RouterDelegate.swift in Sources */ = {isa = PBXBuildFile; fileRef = 3781138E2B25E00500D31BC2 /* RouterDelegate.swift */; };
		378113912B25E02C00D31BC2 /* Router.swift in Sources */ = {isa = PBXBuildFile; fileRef = 378113902B25E02C00D31BC2 /* Router.swift */; };
		378113932B25E04800D31BC2 /* Presentable.swift in Sources */ = {isa = PBXBuildFile; fileRef = 378113922B25E04800D31BC2 /* Presentable.swift */; };
		378113972B25E25400D31BC2 /* FlowCoordinator.swift in Sources */ = {isa = PBXBuildFile; fileRef = 378113962B25E25400D31BC2 /* FlowCoordinator.swift */; };
		3781139B2B25E29600D31BC2 /* ScreenFactory.swift in Sources */ = {isa = PBXBuildFile; fileRef = 3781139A2B25E29600D31BC2 /* ScreenFactory.swift */; };
/* End PBXBuildFile section */

/* Begin PBXFileReference section */
		3781133D2B25BCED00D31BC2 /* HomeAssignment101223.app */ = {isa = PBXFileReference; explicitFileType = wrapper.application; includeInIndex = 0; path = HomeAssignment101223.app; sourceTree = BUILT_PRODUCTS_DIR; };
		378113402B25BCED00D31BC2 /* AppDelegate.swift */ = {isa = PBXFileReference; lastKnownFileType = sourcecode.swift; path = AppDelegate.swift; sourceTree = "<group>"; };
		378113422B25BCED00D31BC2 /* SceneDelegate.swift */ = {isa = PBXFileReference; lastKnownFileType = sourcecode.swift; path = SceneDelegate.swift; sourceTree = "<group>"; };
		378113442B25BCED00D31BC2 /* FirstViewController.swift */ = {isa = PBXFileReference; lastKnownFileType = sourcecode.swift; path = FirstViewController.swift; sourceTree = "<group>"; };
		378113492B25BCEE00D31BC2 /* Assets.xcassets */ = {isa = PBXFileReference; lastKnownFileType = folder.assetcatalog; path = Assets.xcassets; sourceTree = "<group>"; };
		3781134E2B25BCEE00D31BC2 /* Info.plist */ = {isa = PBXFileReference; lastKnownFileType = text.plist.xml; path = Info.plist; sourceTree = "<group>"; };
		378113582B25BD9900D31BC2 /* ViewModel.swift */ = {isa = PBXFileReference; lastKnownFileType = sourcecode.swift; path = ViewModel.swift; sourceTree = "<group>"; };
		3781135B2B25BDE300D31BC2 /* NetworkService.swift */ = {isa = PBXFileReference; lastKnownFileType = sourcecode.swift; path = NetworkService.swift; sourceTree = "<group>"; };
		3781135D2B25BDFE00D31BC2 /* NetworkRequest.swift */ = {isa = PBXFileReference; lastKnownFileType = sourcecode.swift; path = NetworkRequest.swift; sourceTree = "<group>"; };
		3781135F2B25BE2900D31BC2 /* NetworkError.swift */ = {isa = PBXFileReference; lastKnownFileType = sourcecode.swift; path = NetworkError.swift; sourceTree = "<group>"; };
		378113622B25BEE200D31BC2 /* SecondView.swift */ = {isa = PBXFileReference; lastKnownFileType = sourcecode.swift; path = SecondView.swift; sourceTree = "<group>"; };
		378113682B25C02700D31BC2 /* RequestProvider.swift */ = {isa = PBXFileReference; lastKnownFileType = sourcecode.swift; path = RequestProvider.swift; sourceTree = "<group>"; };
		3781136E2B25C1CC00D31BC2 /* Location.swift */ = {isa = PBXFileReference; lastKnownFileType = sourcecode.swift; path = Location.swift; sourceTree = "<group>"; };
		378113702B25C22E00D31BC2 /* NetworkManager.swift */ = {isa = PBXFileReference; lastKnownFileType = sourcecode.swift; path = NetworkManager.swift; sourceTree = "<group>"; };
		378113722B25C36500D31BC2 /* CustomTableViewCell.swift */ = {isa = PBXFileReference; lastKnownFileType = sourcecode.swift; path = CustomTableViewCell.swift; sourceTree = "<group>"; };
		378113752B25C49800D31BC2 /* ReuseIdentifiable.swift */ = {isa = PBXFileReference; lastKnownFileType = sourcecode.swift; path = ReuseIdentifiable.swift; sourceTree = "<group>"; };
		378113772B25C64F00D31BC2 /* Ext UIIMageView.swift */ = {isa = PBXFileReference; lastKnownFileType = sourcecode.swift; path = "Ext UIIMageView.swift"; sourceTree = "<group>"; };
		3781137D2B25C82600D31BC2 /* CustomLabel.swift */ = {isa = PBXFileReference; lastKnownFileType = sourcecode.swift; path = CustomLabel.swift; sourceTree = "<group>"; };
		3781137F2B25CF5E00D31BC2 /* LocationVisibleModel.swift */ = {isa = PBXFileReference; lastKnownFileType = sourcecode.swift; path = LocationVisibleModel.swift; sourceTree = "<group>"; };
		378113832B25DC1300D31BC2 /* HeartButton.swift */ = {isa = PBXFileReference; lastKnownFileType = sourcecode.swift; path = HeartButton.swift; sourceTree = "<group>"; };
		378113892B25DC7500D31BC2 /* LocationViewModel.swift */ = {isa = PBXFileReference; lastKnownFileType = sourcecode.swift; path = LocationViewModel.swift; sourceTree = "<group>"; };
		3781138B2B25DF1B00D31BC2 /* SecondViewContainer.swift */ = {isa = PBXFileReference; lastKnownFileType = sourcecode.swift; path = SecondViewContainer.swift; sourceTree = "<group>"; };
		3781138E2B25E00500D31BC2 /* RouterDelegate.swift */ = {isa = PBXFileReference; lastKnownFileType = sourcecode.swift; path = RouterDelegate.swift; sourceTree = "<group>"; };
		378113902B25E02C00D31BC2 /* Router.swift */ = {isa = PBXFileReference; lastKnownFileType = sourcecode.swift; path = Router.swift; sourceTree = "<group>"; };
		378113922B25E04800D31BC2 /* Presentable.swift */ = {isa = PBXFileReference; lastKnownFileType = sourcecode.swift; path = Presentable.swift; sourceTree = "<group>"; };
		378113962B25E25400D31BC2 /* FlowCoordinator.swift */ = {isa = PBXFileReference; lastKnownFileType = sourcecode.swift; path = FlowCoordinator.swift; sourceTree = "<group>"; };
		3781139A2B25E29600D31BC2 /* ScreenFactory.swift */ = {isa = PBXFileReference; lastKnownFileType = sourcecode.swift; path = ScreenFactory.swift; sourceTree = "<group>"; };
/* End PBXFileReference section */

/* Begin PBXFrameworksBuildPhase section */
		3781133A2B25BCED00D31BC2 /* Frameworks */ = {
			isa = PBXFrameworksBuildPhase;
			buildActionMask = 2147483647;
			files = (
				3781137B2B25C66A00D31BC2 /* Kingfisher in Frameworks */,
			);
			runOnlyForDeploymentPostprocessing = 0;
		};
/* End PBXFrameworksBuildPhase section */

/* Begin PBXGroup section */
		378113342B25BCED00D31BC2 = {
			isa = PBXGroup;
			children = (
				3781133F2B25BCED00D31BC2 /* HomeAssignment101223 */,
				3781133E2B25BCED00D31BC2 /* Products */,
			);
			sourceTree = "<group>";
		};
		3781133E2B25BCED00D31BC2 /* Products */ = {
			isa = PBXGroup;
			children = (
				3781133D2B25BCED00D31BC2 /* HomeAssignment101223.app */,
			);
			name = Products;
			sourceTree = "<group>";
		};
		3781133F2B25BCED00D31BC2 /* HomeAssignment101223 */ = {
			isa = PBXGroup;
			children = (
				3781138D2B25DFFB00D31BC2 /* Navigation */,
				3781136D2B25C1C300D31BC2 /* Model */,
				378113572B25BD8500D31BC2 /* AppBasic */,
				378113552B25BD7A00D31BC2 /* Screens */,
				3781135A2B25BDA500D31BC2 /* Service */,
				378113642B25BF2100D31BC2 /* Helpers */,
				378113492B25BCEE00D31BC2 /* Assets.xcassets */,
				3781134E2B25BCEE00D31BC2 /* Info.plist */,
			);
			path = HomeAssignment101223;
			sourceTree = "<group>";
		};
		378113552B25BD7A00D31BC2 /* Screens */ = {
			isa = PBXGroup;
			children = (
				378113562B25BD7E00D31BC2 /* First */,
				378113612B25BED300D31BC2 /* Second */,
			);
			path = Screens;
			sourceTree = "<group>";
		};
		378113562B25BD7E00D31BC2 /* First */ = {
			isa = PBXGroup;
			children = (
				378113862B25DC4E00D31BC2 /* ViewModel */,
				378113852B25DC4500D31BC2 /* View */,
			);
			path = First;
			sourceTree = "<group>";
		};
		378113572B25BD8500D31BC2 /* AppBasic */ = {
			isa = PBXGroup;
			children = (
				378113402B25BCED00D31BC2 /* AppDelegate.swift */,
				378113422B25BCED00D31BC2 /* SceneDelegate.swift */,
			);
			path = AppBasic;
			sourceTree = "<group>";
		};
		3781135A2B25BDA500D31BC2 /* Service */ = {
			isa = PBXGroup;
			children = (
				378113992B25E28B00D31BC2 /* Factory */,
				378113982B25E28200D31BC2 /* Network */,
			);
			path = Service;
			sourceTree = "<group>";
		};
		378113612B25BED300D31BC2 /* Second */ = {
			isa = PBXGroup;
			children = (
				378113882B25DC6000D31BC2 /* ViewModel */,
				378113872B25DC5A00D31BC2 /* View */,
			);
			path = Second;
			sourceTree = "<group>";
		};
		378113642B25BF2100D31BC2 /* Helpers */ = {
			isa = PBXGroup;
			children = (
				3781137C2B25C81B00D31BC2 /* CustomViews */,
				378113742B25C48C00D31BC2 /* Extensions */,
			);
			path = Helpers;
			sourceTree = "<group>";
		};
		3781136D2B25C1C300D31BC2 /* Model */ = {
			isa = PBXGroup;
			children = (
				3781136E2B25C1CC00D31BC2 /* Location.swift */,
				3781137F2B25CF5E00D31BC2 /* LocationVisibleModel.swift */,
			);
			path = Model;
			sourceTree = "<group>";
		};
		378113742B25C48C00D31BC2 /* Extensions */ = {
			isa = PBXGroup;
			children = (
				378113752B25C49800D31BC2 /* ReuseIdentifiable.swift */,
				378113772B25C64F00D31BC2 /* Ext UIIMageView.swift */,
				378113922B25E04800D31BC2 /* Presentable.swift */,
			);
			path = Extensions;
			sourceTree = "<group>";
		};
		3781137C2B25C81B00D31BC2 /* CustomViews */ = {
			isa = PBXGroup;
			children = (
				378113822B25DBFD00D31BC2 /* SwiftUI */,
				378113812B25DBF200D31BC2 /* UIKit */,
			);
			path = CustomViews;
			sourceTree = "<group>";
		};
		378113812B25DBF200D31BC2 /* UIKit */ = {
			isa = PBXGroup;
			children = (
				3781137D2B25C82600D31BC2 /* CustomLabel.swift */,
			);
			path = UIKit;
			sourceTree = "<group>";
		};
		378113822B25DBFD00D31BC2 /* SwiftUI */ = {
			isa = PBXGroup;
			children = (
				378113832B25DC1300D31BC2 /* HeartButton.swift */,
			);
			path = SwiftUI;
			sourceTree = "<group>";
		};
		378113852B25DC4500D31BC2 /* View */ = {
			isa = PBXGroup;
			children = (
				378113442B25BCED00D31BC2 /* FirstViewController.swift */,
				378113722B25C36500D31BC2 /* CustomTableViewCell.swift */,
			);
			path = View;
			sourceTree = "<group>";
		};
		378113862B25DC4E00D31BC2 /* ViewModel */ = {
			isa = PBXGroup;
			children = (
				378113582B25BD9900D31BC2 /* ViewModel.swift */,
			);
			path = ViewModel;
			sourceTree = "<group>";
		};
		378113872B25DC5A00D31BC2 /* View */ = {
			isa = PBXGroup;
			children = (
				378113622B25BEE200D31BC2 /* SecondView.swift */,
				3781138B2B25DF1B00D31BC2 /* SecondViewContainer.swift */,
			);
			path = View;
			sourceTree = "<group>";
		};
		378113882B25DC6000D31BC2 /* ViewModel */ = {
			isa = PBXGroup;
			children = (
				378113892B25DC7500D31BC2 /* LocationViewModel.swift */,
			);
			path = ViewModel;
			sourceTree = "<group>";
		};
		3781138D2B25DFFB00D31BC2 /* Navigation */ = {
			isa = PBXGroup;
			children = (
				378113952B25E24600D31BC2 /* Coordinator */,
				378113942B25E24000D31BC2 /* Router */,
			);
			path = Navigation;
			sourceTree = "<group>";
		};
		378113942B25E24000D31BC2 /* Router */ = {
			isa = PBXGroup;
			children = (
				3781138E2B25E00500D31BC2 /* RouterDelegate.swift */,
				378113902B25E02C00D31BC2 /* Router.swift */,
			);
			path = Router;
			sourceTree = "<group>";
		};
		378113952B25E24600D31BC2 /* Coordinator */ = {
			isa = PBXGroup;
			children = (
				378113962B25E25400D31BC2 /* FlowCoordinator.swift */,
			);
			path = Coordinator;
			sourceTree = "<group>";
		};
		378113982B25E28200D31BC2 /* Network */ = {
			isa = PBXGroup;
			children = (
				378113702B25C22E00D31BC2 /* NetworkManager.swift */,
				3781135B2B25BDE300D31BC2 /* NetworkService.swift */,
				3781135D2B25BDFE00D31BC2 /* NetworkRequest.swift */,
				3781135F2B25BE2900D31BC2 /* NetworkError.swift */,
				378113682B25C02700D31BC2 /* RequestProvider.swift */,
			);
			path = Network;
			sourceTree = "<group>";
		};
		378113992B25E28B00D31BC2 /* Factory */ = {
			isa = PBXGroup;
			children = (
				3781139A2B25E29600D31BC2 /* ScreenFactory.swift */,
			);
			path = Factory;
			sourceTree = "<group>";
		};
/* End PBXGroup section */

/* Begin PBXNativeTarget section */
		3781133C2B25BCED00D31BC2 /* HomeAssignment101223 */ = {
			isa = PBXNativeTarget;
			buildConfigurationList = 378113512B25BCEE00D31BC2 /* Build configuration list for PBXNativeTarget "HomeAssignment101223" */;
			buildPhases = (
				378113392B25BCED00D31BC2 /* Sources */,
				3781133A2B25BCED00D31BC2 /* Frameworks */,
				3781133B2B25BCED00D31BC2 /* Resources */,
			);
			buildRules = (
			);
			dependencies = (
			);
			name = HomeAssignment101223;
			packageProductDependencies = (
				3781137A2B25C66A00D31BC2 /* Kingfisher */,
			);
			productName = HomeAssignment101223;
			productReference = 3781133D2B25BCED00D31BC2 /* HomeAssignment101223.app */;
			productType = "com.apple.product-type.application";
		};
/* End PBXNativeTarget section */

/* Begin PBXProject section */
		378113352B25BCED00D31BC2 /* Project object */ = {
			isa = PBXProject;
			attributes = {
				BuildIndependentTargetsInParallel = 1;
				LastSwiftUpdateCheck = 1500;
				LastUpgradeCheck = 1500;
				TargetAttributes = {
					3781133C2B25BCED00D31BC2 = {
						CreatedOnToolsVersion = 15.0.1;
					};
				};
			};
			buildConfigurationList = 378113382B25BCED00D31BC2 /* Build configuration list for PBXProject "HomeAssignment101223" */;
			compatibilityVersion = "Xcode 14.0";
			developmentRegion = en;
			hasScannedForEncodings = 0;
			knownRegions = (
				en,
				Base,
			);
			mainGroup = 378113342B25BCED00D31BC2;
			packageReferences = (
				378113792B25C66A00D31BC2 /* XCRemoteSwiftPackageReference "Kingfisher" */,
			);
			productRefGroup = 3781133E2B25BCED00D31BC2 /* Products */;
			projectDirPath = "";
			projectRoot = "";
			targets = (
				3781133C2B25BCED00D31BC2 /* HomeAssignment101223 */,
			);
		};
/* End PBXProject section */

/* Begin PBXResourcesBuildPhase section */
		3781133B2B25BCED00D31BC2 /* Resources */ = {
			isa = PBXResourcesBuildPhase;
			buildActionMask = 2147483647;
			files = (
				3781134A2B25BCEE00D31BC2 /* Assets.xcassets in Resources */,
			);
			runOnlyForDeploymentPostprocessing = 0;
		};
/* End PBXResourcesBuildPhase section */

/* Begin PBXSourcesBuildPhase section */
		378113392B25BCED00D31BC2 /* Sources */ = {
			isa = PBXSourcesBuildPhase;
			buildActionMask = 2147483647;
			files = (
				378113632B25BEE200D31BC2 /* SecondView.swift in Sources */,
				378113842B25DC1300D31BC2 /* HeartButton.swift in Sources */,
				3781137E2B25C82600D31BC2 /* CustomLabel.swift in Sources */,
				3781138F2B25E00500D31BC2 /* RouterDelegate.swift in Sources */,
				3781138C2B25DF1B00D31BC2 /* SecondViewContainer.swift in Sources */,
				3781135C2B25BDE300D31BC2 /* NetworkService.swift in Sources */,
				3781136F2B25C1CC00D31BC2 /* Location.swift in Sources */,
				378113602B25BE2900D31BC2 /* NetworkError.swift in Sources */,
				378113712B25C22E00D31BC2 /* NetworkManager.swift in Sources */,
				378113932B25E04800D31BC2 /* Presentable.swift in Sources */,
				3781138A2B25DC7500D31BC2 /* LocationViewModel.swift in Sources */,
				378113912B25E02C00D31BC2 /* Router.swift in Sources */,
				378113452B25BCED00D31BC2 /* FirstViewController.swift in Sources */,
				378113762B25C49800D31BC2 /* ReuseIdentifiable.swift in Sources */,
				3781139B2B25E29600D31BC2 /* ScreenFactory.swift in Sources */,
				378113732B25C36500D31BC2 /* CustomTableViewCell.swift in Sources */,
				378113972B25E25400D31BC2 /* FlowCoordinator.swift in Sources */,
				378113412B25BCED00D31BC2 /* AppDelegate.swift in Sources */,
				378113592B25BD9900D31BC2 /* ViewModel.swift in Sources */,
				378113692B25C02700D31BC2 /* RequestProvider.swift in Sources */,
				3781135E2B25BDFE00D31BC2 /* NetworkRequest.swift in Sources */,
				378113802B25CF5E00D31BC2 /* LocationVisibleModel.swift in Sources */,
				378113432B25BCED00D31BC2 /* SceneDelegate.swift in Sources */,
				378113782B25C64F00D31BC2 /* Ext UIIMageView.swift in Sources */,
			);
			runOnlyForDeploymentPostprocessing = 0;
		};
/* End PBXSourcesBuildPhase section */

/* Begin XCBuildConfiguration section */
		3781134F2B25BCEE00D31BC2 /* Debug */ = {
			isa = XCBuildConfiguration;
			buildSettings = {
				ALWAYS_SEARCH_USER_PATHS = NO;
				ASSETCATALOG_COMPILER_GENERATE_SWIFT_ASSET_SYMBOL_EXTENSIONS = YES;
				CLANG_ANALYZER_NONNULL = YES;
				CLANG_ANALYZER_NUMBER_OBJECT_CONVERSION = YES_AGGRESSIVE;
				CLANG_CXX_LANGUAGE_STANDARD = "gnu++20";
				CLANG_ENABLE_MODULES = YES;
				CLANG_ENABLE_OBJC_ARC = YES;
				CLANG_ENABLE_OBJC_WEAK = YES;
				CLANG_WARN_BLOCK_CAPTURE_AUTORELEASING = YES;
				CLANG_WARN_BOOL_CONVERSION = YES;
				CLANG_WARN_COMMA = YES;
				CLANG_WARN_CONSTANT_CONVERSION = YES;
				CLANG_WARN_DEPRECATED_OBJC_IMPLEMENTATIONS = YES;
				CLANG_WARN_DIRECT_OBJC_ISA_USAGE = YES_ERROR;
				CLANG_WARN_DOCUMENTATION_COMMENTS = YES;
				CLANG_WARN_EMPTY_BODY = YES;
				CLANG_WARN_ENUM_CONVERSION = YES;
				CLANG_WARN_INFINITE_RECURSION = YES;
				CLANG_WARN_INT_CONVERSION = YES;
				CLANG_WARN_NON_LITERAL_NULL_CONVERSION = YES;
				CLANG_WARN_OBJC_IMPLICIT_RETAIN_SELF = YES;
				CLANG_WARN_OBJC_LITERAL_CONVERSION = YES;
				CLANG_WARN_OBJC_ROOT_CLASS = YES_ERROR;
				CLANG_WARN_QUOTED_INCLUDE_IN_FRAMEWORK_HEADER = YES;
				CLANG_WARN_RANGE_LOOP_ANALYSIS = YES;
				CLANG_WARN_STRICT_PROTOTYPES = YES;
				CLANG_WARN_SUSPICIOUS_MOVE = YES;
				CLANG_WARN_UNGUARDED_AVAILABILITY = YES_AGGRESSIVE;
				CLANG_WARN_UNREACHABLE_CODE = YES;
				CLANG_WARN__DUPLICATE_METHOD_MATCH = YES;
				COPY_PHASE_STRIP = NO;
				DEBUG_INFORMATION_FORMAT = dwarf;
				ENABLE_STRICT_OBJC_MSGSEND = YES;
				ENABLE_TESTABILITY = YES;
				ENABLE_USER_SCRIPT_SANDBOXING = YES;
				GCC_C_LANGUAGE_STANDARD = gnu17;
				GCC_DYNAMIC_NO_PIC = NO;
				GCC_NO_COMMON_BLOCKS = YES;
				GCC_OPTIMIZATION_LEVEL = 0;
				GCC_PREPROCESSOR_DEFINITIONS = (
					"DEBUG=1",
					"$(inherited)",
				);
				GCC_WARN_64_TO_32_BIT_CONVERSION = YES;
				GCC_WARN_ABOUT_RETURN_TYPE = YES_ERROR;
				GCC_WARN_UNDECLARED_SELECTOR = YES;
				GCC_WARN_UNINITIALIZED_AUTOS = YES_AGGRESSIVE;
				GCC_WARN_UNUSED_FUNCTION = YES;
				GCC_WARN_UNUSED_VARIABLE = YES;
				IPHONEOS_DEPLOYMENT_TARGET = 17.0;
				LOCALIZATION_PREFERS_STRING_CATALOGS = YES;
				MTL_ENABLE_DEBUG_INFO = INCLUDE_SOURCE;
				MTL_FAST_MATH = YES;
				ONLY_ACTIVE_ARCH = YES;
				SDKROOT = iphoneos;
				SWIFT_ACTIVE_COMPILATION_CONDITIONS = "DEBUG $(inherited)";
				SWIFT_OPTIMIZATION_LEVEL = "-Onone";
			};
			name = Debug;
		};
		378113502B25BCEE00D31BC2 /* Release */ = {
			isa = XCBuildConfiguration;
			buildSettings = {
				ALWAYS_SEARCH_USER_PATHS = NO;
				ASSETCATALOG_COMPILER_GENERATE_SWIFT_ASSET_SYMBOL_EXTENSIONS = YES;
				CLANG_ANALYZER_NONNULL = YES;
				CLANG_ANALYZER_NUMBER_OBJECT_CONVERSION = YES_AGGRESSIVE;
				CLANG_CXX_LANGUAGE_STANDARD = "gnu++20";
				CLANG_ENABLE_MODULES = YES;
				CLANG_ENABLE_OBJC_ARC = YES;
				CLANG_ENABLE_OBJC_WEAK = YES;
				CLANG_WARN_BLOCK_CAPTURE_AUTORELEASING = YES;
				CLANG_WARN_BOOL_CONVERSION = YES;
				CLANG_WARN_COMMA = YES;
				CLANG_WARN_CONSTANT_CONVERSION = YES;
				CLANG_WARN_DEPRECATED_OBJC_IMPLEMENTATIONS = YES;
				CLANG_WARN_DIRECT_OBJC_ISA_USAGE = YES_ERROR;
				CLANG_WARN_DOCUMENTATION_COMMENTS = YES;
				CLANG_WARN_EMPTY_BODY = YES;
				CLANG_WARN_ENUM_CONVERSION = YES;
				CLANG_WARN_INFINITE_RECURSION = YES;
				CLANG_WARN_INT_CONVERSION = YES;
				CLANG_WARN_NON_LITERAL_NULL_CONVERSION = YES;
				CLANG_WARN_OBJC_IMPLICIT_RETAIN_SELF = YES;
				CLANG_WARN_OBJC_LITERAL_CONVERSION = YES;
				CLANG_WARN_OBJC_ROOT_CLASS = YES_ERROR;
				CLANG_WARN_QUOTED_INCLUDE_IN_FRAMEWORK_HEADER = YES;
				CLANG_WARN_RANGE_LOOP_ANALYSIS = YES;
				CLANG_WARN_STRICT_PROTOTYPES = YES;
				CLANG_WARN_SUSPICIOUS_MOVE = YES;
				CLANG_WARN_UNGUARDED_AVAILABILITY = YES_AGGRESSIVE;
				CLANG_WARN_UNREACHABLE_CODE = YES;
				CLANG_WARN__DUPLICATE_METHOD_MATCH = YES;
				COPY_PHASE_STRIP = NO;
				DEBUG_INFORMATION_FORMAT = "dwarf-with-dsym";
				ENABLE_NS_ASSERTIONS = NO;
				ENABLE_STRICT_OBJC_MSGSEND = YES;
				ENABLE_USER_SCRIPT_SANDBOXING = YES;
				GCC_C_LANGUAGE_STANDARD = gnu17;
				GCC_NO_COMMON_BLOCKS = YES;
				GCC_WARN_64_TO_32_BIT_CONVERSION = YES;
				GCC_WARN_ABOUT_RETURN_TYPE = YES_ERROR;
				GCC_WARN_UNDECLARED_SELECTOR = YES;
				GCC_WARN_UNINITIALIZED_AUTOS = YES_AGGRESSIVE;
				GCC_WARN_UNUSED_FUNCTION = YES;
				GCC_WARN_UNUSED_VARIABLE = YES;
				IPHONEOS_DEPLOYMENT_TARGET = 17.0;
				LOCALIZATION_PREFERS_STRING_CATALOGS = YES;
				MTL_ENABLE_DEBUG_INFO = NO;
				MTL_FAST_MATH = YES;
				SDKROOT = iphoneos;
				SWIFT_COMPILATION_MODE = wholemodule;
				VALIDATE_PRODUCT = YES;
			};
			name = Release;
		};
		378113522B25BCEE00D31BC2 /* Debug */ = {
			isa = XCBuildConfiguration;
			buildSettings = {
				ASSETCATALOG_COMPILER_APPICON_NAME = AppIcon;
				ASSETCATALOG_COMPILER_GLOBAL_ACCENT_COLOR_NAME = AccentColor;
				CODE_SIGN_STYLE = Automatic;
				CURRENT_PROJECT_VERSION = 1;
				DEVELOPMENT_TEAM = 2U4V96C2NN;
				GENERATE_INFOPLIST_FILE = YES;
				INFOPLIST_FILE = HomeAssignment101223/Info.plist;
				INFOPLIST_KEY_UIApplicationSupportsIndirectInputEvents = YES;
				INFOPLIST_KEY_UILaunchStoryboardName = LaunchScreen;
				INFOPLIST_KEY_UISupportedInterfaceOrientations_iPad = "UIInterfaceOrientationPortrait UIInterfaceOrientationPortraitUpsideDown UIInterfaceOrientationLandscapeLeft UIInterfaceOrientationLandscapeRight";
				INFOPLIST_KEY_UISupportedInterfaceOrientations_iPhone = "UIInterfaceOrientationPortrait UIInterfaceOrientationLandscapeLeft UIInterfaceOrientationLandscapeRight";
				LD_RUNPATH_SEARCH_PATHS = (
					"$(inherited)",
					"@executable_path/Frameworks",
				);
				MARKETING_VERSION = 1.0;
				PRODUCT_BUNDLE_IDENTIFIER = ru.aleksandreliseev.HomeAssignment101223;
				PRODUCT_NAME = "$(TARGET_NAME)";
				SWIFT_EMIT_LOC_STRINGS = YES;
				SWIFT_VERSION = 5.0;
				TARGETED_DEVICE_FAMILY = "1,2";
			};
			name = Debug;
		};
		378113532B25BCEE00D31BC2 /* Release */ = {
			isa = XCBuildConfiguration;
			buildSettings = {
				ASSETCATALOG_COMPILER_APPICON_NAME = AppIcon;
				ASSETCATALOG_COMPILER_GLOBAL_ACCENT_COLOR_NAME = AccentColor;
				CODE_SIGN_STYLE = Automatic;
				CURRENT_PROJECT_VERSION = 1;
				DEVELOPMENT_TEAM = 2U4V96C2NN;
				GENERATE_INFOPLIST_FILE = YES;
				INFOPLIST_FILE = HomeAssignment101223/Info.plist;
				INFOPLIST_KEY_UIApplicationSupportsIndirectInputEvents = YES;
				INFOPLIST_KEY_UILaunchStoryboardName = LaunchScreen;
				INFOPLIST_KEY_UISupportedInterfaceOrientations_iPad = "UIInterfaceOrientationPortrait UIInterfaceOrientationPortraitUpsideDown UIInterfaceOrientationLandscapeLeft UIInterfaceOrientationLandscapeRight";
				INFOPLIST_KEY_UISupportedInterfaceOrientations_iPhone = "UIInterfaceOrientationPortrait UIInterfaceOrientationLandscapeLeft UIInterfaceOrientationLandscapeRight";
				LD_RUNPATH_SEARCH_PATHS = (
					"$(inherited)",
					"@executable_path/Frameworks",
				);
				MARKETING_VERSION = 1.0;
				PRODUCT_BUNDLE_IDENTIFIER = ru.aleksandreliseev.HomeAssignment101223;
				PRODUCT_NAME = "$(TARGET_NAME)";
				SWIFT_EMIT_LOC_STRINGS = YES;
				SWIFT_VERSION = 5.0;
				TARGETED_DEVICE_FAMILY = "1,2";
			};
			name = Release;
		};
/* End XCBuildConfiguration section */

/* Begin XCConfigurationList section */
		378113382B25BCED00D31BC2 /* Build configuration list for PBXProject "HomeAssignment101223" */ = {
			isa = XCConfigurationList;
			buildConfigurations = (
				3781134F2B25BCEE00D31BC2 /* Debug */,
				378113502B25BCEE00D31BC2 /* Release */,
			);
			defaultConfigurationIsVisible = 0;
			defaultConfigurationName = Release;
		};
		378113512B25BCEE00D31BC2 /* Build configuration list for PBXNativeTarget "HomeAssignment101223" */ = {
			isa = XCConfigurationList;
			buildConfigurations = (
				378113522B25BCEE00D31BC2 /* Debug */,
				378113532B25BCEE00D31BC2 /* Release */,
			);
			defaultConfigurationIsVisible = 0;
			defaultConfigurationName = Release;
		};
/* End XCConfigurationList section */

/* Begin XCRemoteSwiftPackageReference section */
		378113792B25C66A00D31BC2 /* XCRemoteSwiftPackageReference "Kingfisher" */ = {
			isa = XCRemoteSwiftPackageReference;
			repositoryURL = "https://github.com/onevcat/Kingfisher";
			requirement = {
				kind = upToNextMajorVersion;
				minimumVersion = 7.10.1;
			};
		};
/* End XCRemoteSwiftPackageReference section */

/* Begin XCSwiftPackageProductDependency section */
		3781137A2B25C66A00D31BC2 /* Kingfisher */ = {
			isa = XCSwiftPackageProductDependency;
			package = 378113792B25C66A00D31BC2 /* XCRemoteSwiftPackageReference "Kingfisher" */;
			productName = Kingfisher;
		};
/* End XCSwiftPackageProductDependency section */
	};
	rootObject = 378113352B25BCED00D31BC2 /* Project object */;
}
